
Microsoft Visual Studio Solution File, Format Version 12.00
# Visual Studio Version 17
VisualStudioVersion = 17.4.33403.182
MinimumVisualStudioVersion = 10.0.40219.1
Project("{FAE04EC0-301F-11D3-BF4B-00C04F79EFBC}") = "HelloWorld", "HelloWorld\HelloWorld.csproj", "{435C03F0-9E23-4A52-98E8-84801F118F7F}"
EndProject
Global
	GlobalSection(SolutionConfigurationPlatforms) = preSolution
		Debug|Any CPU = Debug|Any CPU
		Release|Any CPU = Release|Any CPU
	EndGlobalSection
	GlobalSection(ProjectConfigurationPlatforms) = postSolution
		{435C03F0-9E23-4A52-98E8-84801F118F7F}.Debug|Any CPU.ActiveCfg = Debug|Any CPU
		{435C03F0-9E23-4A52-98E8-84801F118F7F}.Debug|Any CPU.Build.0 = Debug|Any CPU
		{435C03F0-9E23-4A52-98E8-84801F118F7F}.Release|Any CPU.ActiveCfg = Release|Any CPU
		{435C03F0-9E23-4A52-98E8-84801F118F7F}.Release|Any CPU.Build.0 = Release|Any CPU
	EndGlobalSection
	GlobalSection(SolutionProperties) = preSolution
		HideSolutionNode = FALSE
	EndGlobalSection
	GlobalSection(ExtensibilityGlobals) = postSolution
		SolutionGuid = {DCFD2769-996C-41C8-B090-D2E6ABD49AD7}
	EndGlobalSection
EndGlobal
